
Microsoft Visual Studio Solution File, Format Version 12.00
# Visual Studio Version 17
VisualStudioVersion = 17.7.34024.191
MinimumVisualStudioVersion = 10.0.40219.1
Project("{FAE04EC0-301F-11D3-BF4B-00C04F79EFBC}") = "HW_8(Standart_Interfaces)", "HW_8(Standart_Interfaces).csproj", "{3AE2C254-0A19-428D-AAD1-8BDA38D8D14C}"
EndProject
Global
	GlobalSection(SolutionConfigurationPlatforms) = preSolution
		Debug|Any CPU = Debug|Any CPU
		Release|Any CPU = Release|Any CPU
	EndGlobalSection
	GlobalSection(ProjectConfigurationPlatforms) = postSolution
		{3AE2C254-0A19-428D-AAD1-8BDA38D8D14C}.Debug|Any CPU.ActiveCfg = Debug|Any CPU
		{3AE2C254-0A19-428D-AAD1-8BDA38D8D14C}.Debug|Any CPU.Build.0 = Debug|Any CPU
		{3AE2C254-0A19-428D-AAD1-8BDA38D8D14C}.Release|Any CPU.ActiveCfg = Release|Any CPU
		{3AE2C254-0A19-428D-AAD1-8BDA38D8D14C}.Release|Any CPU.Build.0 = Release|Any CPU
	EndGlobalSection
	GlobalSection(SolutionProperties) = preSolution
		HideSolutionNode = FALSE
	EndGlobalSection
	GlobalSection(ExtensibilityGlobals) = postSolution
		SolutionGuid = {8BB108E7-1EDF-4390-AB39-253610E21BF7}
	EndGlobalSection
EndGlobal
